
Microsoft Visual Studio Solution File, Format Version 12.00
# Visual Studio Version 17
VisualStudioVersion = 17.6.33815.320
MinimumVisualStudioVersion = 10.0.40219.1
Project("{FAE04EC0-301F-11D3-BF4B-00C04F79EFBC}") = "PlayDistruct", "PlayDistruct\PlayDistruct.csproj", "{19FA78D0-C523-4D7C-A140-3031CD3B90DA}"
EndProject
Global
	GlobalSection(SolutionConfigurationPlatforms) = preSolution
		Debug|Any CPU = Debug|Any CPU
		Release|Any CPU = Release|Any CPU
	EndGlobalSection
	GlobalSection(ProjectConfigurationPlatforms) = postSolution
		{19FA78D0-C523-4D7C-A140-3031CD3B90DA}.Debug|Any CPU.ActiveCfg = Debug|Any CPU
		{19FA78D0-C523-4D7C-A140-3031CD3B90DA}.Debug|Any CPU.Build.0 = Debug|Any CPU
		{19FA78D0-C523-4D7C-A140-3031CD3B90DA}.Release|Any CPU.ActiveCfg = Release|Any CPU
		{19FA78D0-C523-4D7C-A140-3031CD3B90DA}.Release|Any CPU.Build.0 = Release|Any CPU
	EndGlobalSection
	GlobalSection(SolutionProperties) = preSolution
		HideSolutionNode = FALSE
	EndGlobalSection
	GlobalSection(ExtensibilityGlobals) = postSolution
		SolutionGuid = {F0BB7C35-81DA-4B1E-8421-A92D8CFFC7FA}
	EndGlobalSection
EndGlobal
